<?xml version="1.0" encoding="utf-8"?>
<Project ToolsVersion="4.0" xmlns="http://schemas.microsoft.com/developer/msbuild/2003">
  <ItemGroup>
    <Filter Include="Maxvic">
      <UniqueIdentifier>{6D579BC2-59F9-C598-42B4-D9EC2EF54CE9}</UniqueIdentifier>
    </Filter>
  </ItemGroup>
  <ItemGroup>
    <ClInclude Include="src\Maxvic.h" />
    <ClInclude Include="src\Maxvic\Application.h">
      <Filter>Maxvic</Filter>
    </ClInclude>
    <ClInclude Include="src\Maxvic\Core.h">
      <Filter>Maxvic</Filter>
    </ClInclude>
    <ClInclude Include="src\Maxvic\EntryPoint.h">
      <Filter>Maxvic</Filter>
    </ClInclude>
    <ClInclude Include="src\Maxvic\Logger.h">
      <Filter>Maxvic</Filter>
    </ClInclude>
  </ItemGroup>
  <ItemGroup>
    <ClCompile Include="src\Maxvic\Application.cpp">
      <Filter>Maxvic</Filter>
    </ClCompile>
    <ClCompile Include="src\Maxvic\Logger.cpp">
      <Filter>Maxvic</Filter>
    </ClCompile>
  </ItemGroup>
</Project>