<?xml version="1.0" encoding="utf-8"?>
<Project ToolsVersion="4.0" xmlns="http://schemas.microsoft.com/developer/msbuild/2003">
  <ItemGroup>
    <Filter Include="Maxvic">
      <UniqueIdentifier>{6D579BC2-59F9-C598-42B4-D9EC2EF54CE9}</UniqueIdentifier>
    </Filter>
    <Filter Include="Maxvic\Events">
      <UniqueIdentifier>{B1C61029-1D87-8C5F-E6C1-D5DC5241D13B}</UniqueIdentifier>
    </Filter>
    <Filter Include="Platform">
      <UniqueIdentifier>{2AC788B4-1694-E3BF-3FAD-D1672BD9184E}</UniqueIdentifier>
    </Filter>
    <Filter Include="Platform\Windows">
      <UniqueIdentifier>{64FBD71A-50F4-F66C-7926-DCF1657ED678}</UniqueIdentifier>
    </Filter>
  </ItemGroup>
  <ItemGroup>
    <ClInclude Include="src\Maxvic.h" />
    <ClInclude Include="src\Maxvic\Application.h">
      <Filter>Maxvic</Filter>
    </ClInclude>
    <ClInclude Include="src\Maxvic\Core.h">
      <Filter>Maxvic</Filter>
    </ClInclude>
    <ClInclude Include="src\Maxvic\EntryPoint.h">
      <Filter>Maxvic</Filter>
    </ClInclude>
    <ClInclude Include="src\Maxvic\Events\ApplicationEvent.h">
      <Filter>Maxvic\Events</Filter>
    </ClInclude>
    <ClInclude Include="src\Maxvic\Events\Event.h">
      <Filter>Maxvic\Events</Filter>
    </ClInclude>
    <ClInclude Include="src\Maxvic\Events\KeyEvent.h">
      <Filter>Maxvic\Events</Filter>
    </ClInclude>
    <ClInclude Include="src\Maxvic\Events\MouseEvent.h">
      <Filter>Maxvic\Events</Filter>
    </ClInclude>
    <ClInclude Include="src\Maxvic\Layer.h">
      <Filter>Maxvic</Filter>
    </ClInclude>
    <ClInclude Include="src\Maxvic\LayerStack.h">
      <Filter>Maxvic</Filter>
    </ClInclude>
    <ClInclude Include="src\Maxvic\Logger.h">
      <Filter>Maxvic</Filter>
    </ClInclude>
    <ClInclude Include="src\Maxvic\Window.h">
      <Filter>Maxvic</Filter>
    </ClInclude>
    <ClInclude Include="src\Platform\Windows\WindowsWindow.h">
      <Filter>Platform\Windows</Filter>
    </ClInclude>
    <ClInclude Include="src\mvpch.h" />
    <ClInclude Include="src\Maxvic\ImGui\ImGuiLayer.h" />
    <ClInclude Include="src\Platform\OpenGL\ImGuiOpenGLRenderer.h" />
  </ItemGroup>
  <ItemGroup>
    <ClCompile Include="src\Maxvic\Application.cpp">
      <Filter>Maxvic</Filter>
    </ClCompile>
    <ClCompile Include="src\Maxvic\Layer.cpp">
      <Filter>Maxvic</Filter>
    </ClCompile>
    <ClCompile Include="src\Maxvic\LayerStack.cpp">
      <Filter>Maxvic</Filter>
    </ClCompile>
    <ClCompile Include="src\Maxvic\Logger.cpp">
      <Filter>Maxvic</Filter>
    </ClCompile>
    <ClCompile Include="src\Platform\Windows\WindowWindow.cpp">
      <Filter>Platform\Windows</Filter>
    </ClCompile>
    <ClCompile Include="src\mvpch.cpp" />
    <ClCompile Include="src\Maxvic\ImGui\ImGuiLayer.cpp" />
    <ClCompile Include="src\Platform\OpenGL\ImGuiOpenGLRenderer.cpp" />
  </ItemGroup>
</Project>